
Microsoft Visual Studio Solution File, Format Version 12.00
# Visual Studio Version 17
VisualStudioVersion = 17.1.32328.378
MinimumVisualStudioVersion = 10.0.40219.1
Project("{FAE04EC0-301F-11D3-BF4B-00C04F79EFBC}") = "API", "API\API.csproj", "{4F9641B2-D7F9-41ED-9370-7365016C4CED}"
EndProject
Global
	GlobalSection(SolutionConfigurationPlatforms) = preSolution
		Debug|Any CPU = Debug|Any CPU
		Release|Any CPU = Release|Any CPU
	EndGlobalSection
	GlobalSection(ProjectConfigurationPlatforms) = postSolution
		{4F9641B2-D7F9-41ED-9370-7365016C4CED}.Debug|Any CPU.ActiveCfg = Debug|Any CPU
		{4F9641B2-D7F9-41ED-9370-7365016C4CED}.Debug|Any CPU.Build.0 = Debug|Any CPU
		{4F9641B2-D7F9-41ED-9370-7365016C4CED}.Release|Any CPU.ActiveCfg = Release|Any CPU
		{4F9641B2-D7F9-41ED-9370-7365016C4CED}.Release|Any CPU.Build.0 = Release|Any CPU
	EndGlobalSection
	GlobalSection(SolutionProperties) = preSolution
		HideSolutionNode = FALSE
	EndGlobalSection
	GlobalSection(ExtensibilityGlobals) = postSolution
		SolutionGuid = {35A25F42-85AF-42EB-9B5A-41042EB5B49A}
	EndGlobalSection
EndGlobal
